// !$*UTF8*$!
{
	archiveVersion = 1;
	classes = {
	};
	objectVersion = 56;
	objects = {

/* Begin PBXBuildFile section */
		BF37600C2C2C4A4400A8CD6E /* Upperbody3.mp4 in Resources */ = {isa = PBXBuildFile; fileRef = BF3760032C2C4A4300A8CD6E /* Upperbody3.mp4 */; };
		BF37600D2C2C4A4400A8CD6E /* Stamina2.mp4 in Resources */ = {isa = PBXBuildFile; fileRef = BF3760042C2C4A4300A8CD6E /* Stamina2.mp4 */; };
		BF37600E2C2C4A4400A8CD6E /* Weighloss1.mp4 in Resources */ = {isa = PBXBuildFile; fileRef = BF3760052C2C4A4300A8CD6E /* Weighloss1.mp4 */; };
		BF37600F2C2C4A4400A8CD6E /* Stamina1.mp4 in Resources */ = {isa = PBXBuildFile; fileRef = BF3760062C2C4A4300A8CD6E /* Stamina1.mp4 */; };
		BF3760102C2C4A4400A8CD6E /* Upperbody2.mp4 in Resources */ = {isa = PBXBuildFile; fileRef = BF3760072C2C4A4300A8CD6E /* Upperbody2.mp4 */; };
		BF3760112C2C4A4400A8CD6E /* Upperbody1.mp4 in Resources */ = {isa = PBXBuildFile; fileRef = BF3760082C2C4A4400A8CD6E /* Upperbody1.mp4 */; };
		BF3760122C2C4A4400A8CD6E /* Weightloss2.mp4 in Resources */ = {isa = PBXBuildFile; fileRef = BF3760092C2C4A4400A8CD6E /* Weightloss2.mp4 */; };
		BF3760132C2C4A4400A8CD6E /* Stamina3.mp4 in Resources */ = {isa = PBXBuildFile; fileRef = BF37600A2C2C4A4400A8CD6E /* Stamina3.mp4 */; };
		BF3760142C2C4A4400A8CD6E /* Weightloss3.mp4 in Resources */ = {isa = PBXBuildFile; fileRef = BF37600B2C2C4A4400A8CD6E /* Weightloss3.mp4 */; };
		BF3760212C2C4A5F00A8CD6E /* Muscle3.mp4 in Resources */ = {isa = PBXBuildFile; fileRef = BF3760152C2C4A5A00A8CD6E /* Muscle3.mp4 */; };
		BF3760222C2C4A5F00A8CD6E /* Lowerbody3.mp4 in Resources */ = {isa = PBXBuildFile; fileRef = BF3760162C2C4A5B00A8CD6E /* Lowerbody3.mp4 */; };
		BF3760232C2C4A5F00A8CD6E /* Core2.mp4 in Resources */ = {isa = PBXBuildFile; fileRef = BF3760172C2C4A5B00A8CD6E /* Core2.mp4 */; };
		BF3760242C2C4A5F00A8CD6E /* Muscle2.mp4 in Resources */ = {isa = PBXBuildFile; fileRef = BF3760182C2C4A5B00A8CD6E /* Muscle2.mp4 */; };
		BF3760252C2C4A5F00A8CD6E /* Fullbody3.mp4 in Resources */ = {isa = PBXBuildFile; fileRef = BF3760192C2C4A5C00A8CD6E /* Fullbody3.mp4 */; };
		BF3760262C2C4A5F00A8CD6E /* Muscle1.mp4 in Resources */ = {isa = PBXBuildFile; fileRef = BF37601A2C2C4A5D00A8CD6E /* Muscle1.mp4 */; };
		BF3760272C2C4A5F00A8CD6E /* Fullbody2.mp4 in Resources */ = {isa = PBXBuildFile; fileRef = BF37601B2C2C4A5D00A8CD6E /* Fullbody2.mp4 */; };
		BF3760282C2C4A5F00A8CD6E /* Core3.mp4 in Resources */ = {isa = PBXBuildFile; fileRef = BF37601C2C2C4A5D00A8CD6E /* Core3.mp4 */; };
		BF3760292C2C4A5F00A8CD6E /* Lowerbody1.mp4 in Resources */ = {isa = PBXBuildFile; fileRef = BF37601D2C2C4A5D00A8CD6E /* Lowerbody1.mp4 */; };
		BF37602A2C2C4A5F00A8CD6E /* Lowerbody2.mp4 in Resources */ = {isa = PBXBuildFile; fileRef = BF37601E2C2C4A5E00A8CD6E /* Lowerbody2.mp4 */; };
		BF37602B2C2C4A5F00A8CD6E /* Fullbody1.mp4 in Resources */ = {isa = PBXBuildFile; fileRef = BF37601F2C2C4A5E00A8CD6E /* Fullbody1.mp4 */; };
		BF37602C2C2C4A5F00A8CD6E /* Core1.mp4 in Resources */ = {isa = PBXBuildFile; fileRef = BF3760202C2C4A5E00A8CD6E /* Core1.mp4 */; };
		BFB59BDE2BAC46E200362324 /* FitmaxingApp.swift in Sources */ = {isa = PBXBuildFile; fileRef = BFB59BDD2BAC46E200362324 /* FitmaxingApp.swift */; };
		BFB59BE02BAC46E200362324 /* ContentView.swift in Sources */ = {isa = PBXBuildFile; fileRef = BFB59BDF2BAC46E200362324 /* ContentView.swift */; };
		BFB59BE22BAC46E700362324 /* Assets.xcassets in Resources */ = {isa = PBXBuildFile; fileRef = BFB59BE12BAC46E700362324 /* Assets.xcassets */; };
		BFB59BE52BAC46E700362324 /* Preview Assets.xcassets in Resources */ = {isa = PBXBuildFile; fileRef = BFB59BE42BAC46E700362324 /* Preview Assets.xcassets */; };
/* End PBXBuildFile section */

/* Begin PBXFileReference section */
		BF3760032C2C4A4300A8CD6E /* Upperbody3.mp4 */ = {isa = PBXFileReference; lastKnownFileType = file; path = Upperbody3.mp4; sourceTree = "<group>"; };
		BF3760042C2C4A4300A8CD6E /* Stamina2.mp4 */ = {isa = PBXFileReference; lastKnownFileType = file; path = Stamina2.mp4; sourceTree = "<group>"; };
		BF3760052C2C4A4300A8CD6E /* Weighloss1.mp4 */ = {isa = PBXFileReference; lastKnownFileType = file; path = Weighloss1.mp4; sourceTree = "<group>"; };
		BF3760062C2C4A4300A8CD6E /* Stamina1.mp4 */ = {isa = PBXFileReference; lastKnownFileType = file; path = Stamina1.mp4; sourceTree = "<group>"; };
		BF3760072C2C4A4300A8CD6E /* Upperbody2.mp4 */ = {isa = PBXFileReference; lastKnownFileType = file; path = Upperbody2.mp4; sourceTree = "<group>"; };
		BF3760082C2C4A4400A8CD6E /* Upperbody1.mp4 */ = {isa = PBXFileReference; lastKnownFileType = file; path = Upperbody1.mp4; sourceTree = "<group>"; };
		BF3760092C2C4A4400A8CD6E /* Weightloss2.mp4 */ = {isa = PBXFileReference; lastKnownFileType = file; path = Weightloss2.mp4; sourceTree = "<group>"; };
		BF37600A2C2C4A4400A8CD6E /* Stamina3.mp4 */ = {isa = PBXFileReference; lastKnownFileType = file; path = Stamina3.mp4; sourceTree = "<group>"; };
		BF37600B2C2C4A4400A8CD6E /* Weightloss3.mp4 */ = {isa = PBXFileReference; lastKnownFileType = file; path = Weightloss3.mp4; sourceTree = "<group>"; };
		BF3760152C2C4A5A00A8CD6E /* Muscle3.mp4 */ = {isa = PBXFileReference; lastKnownFileType = file; path = Muscle3.mp4; sourceTree = "<group>"; };
		BF3760162C2C4A5B00A8CD6E /* Lowerbody3.mp4 */ = {isa = PBXFileReference; lastKnownFileType = file; path = Lowerbody3.mp4; sourceTree = "<group>"; };
		BF3760172C2C4A5B00A8CD6E /* Core2.mp4 */ = {isa = PBXFileReference; lastKnownFileType = file; path = Core2.mp4; sourceTree = "<group>"; };
		BF3760182C2C4A5B00A8CD6E /* Muscle2.mp4 */ = {isa = PBXFileReference; lastKnownFileType = file; path = Muscle2.mp4; sourceTree = "<group>"; };
		BF3760192C2C4A5C00A8CD6E /* Fullbody3.mp4 */ = {isa = PBXFileReference; lastKnownFileType = file; path = Fullbody3.mp4; sourceTree = "<group>"; };
		BF37601A2C2C4A5D00A8CD6E /* Muscle1.mp4 */ = {isa = PBXFileReference; lastKnownFileType = file; path = Muscle1.mp4; sourceTree = "<group>"; };
		BF37601B2C2C4A5D00A8CD6E /* Fullbody2.mp4 */ = {isa = PBXFileReference; lastKnownFileType = file; path = Fullbody2.mp4; sourceTree = "<group>"; };
		BF37601C2C2C4A5D00A8CD6E /* Core3.mp4 */ = {isa = PBXFileReference; lastKnownFileType = file; path = Core3.mp4; sourceTree = "<group>"; };
		BF37601D2C2C4A5D00A8CD6E /* Lowerbody1.mp4 */ = {isa = PBXFileReference; lastKnownFileType = file; path = Lowerbody1.mp4; sourceTree = "<group>"; };
		BF37601E2C2C4A5E00A8CD6E /* Lowerbody2.mp4 */ = {isa = PBXFileReference; lastKnownFileType = file; path = Lowerbody2.mp4; sourceTree = "<group>"; };
		BF37601F2C2C4A5E00A8CD6E /* Fullbody1.mp4 */ = {isa = PBXFileReference; lastKnownFileType = file; path = Fullbody1.mp4; sourceTree = "<group>"; };
		BF3760202C2C4A5E00A8CD6E /* Core1.mp4 */ = {isa = PBXFileReference; lastKnownFileType = file; path = Core1.mp4; sourceTree = "<group>"; };
		BFB59BDA2BAC46E200362324 /* Fitmaxing.app */ = {isa = PBXFileReference; explicitFileType = wrapper.application; includeInIndex = 0; path = Fitmaxing.app; sourceTree = BUILT_PRODUCTS_DIR; };
		BFB59BDD2BAC46E200362324 /* FitmaxingApp.swift */ = {isa = PBXFileReference; lastKnownFileType = sourcecode.swift; path = FitmaxingApp.swift; sourceTree = "<group>"; };
		BFB59BDF2BAC46E200362324 /* ContentView.swift */ = {isa = PBXFileReference; indentWidth = 5; lastKnownFileType = sourcecode.swift; path = ContentView.swift; sourceTree = "<group>"; tabWidth = 5; usesTabs = 0; };
		BFB59BE12BAC46E700362324 /* Assets.xcassets */ = {isa = PBXFileReference; lastKnownFileType = folder.assetcatalog; path = Assets.xcassets; sourceTree = "<group>"; };
		BFB59BE42BAC46E700362324 /* Preview Assets.xcassets */ = {isa = PBXFileReference; lastKnownFileType = folder.assetcatalog; path = "Preview Assets.xcassets"; sourceTree = "<group>"; };
/* End PBXFileReference section */

/* Begin PBXFrameworksBuildPhase section */
		BFB59BD72BAC46E200362324 /* Frameworks */ = {
			isa = PBXFrameworksBuildPhase;
			buildActionMask = 2147483647;
			files = (
			);
			runOnlyForDeploymentPostprocessing = 0;
		};
/* End PBXFrameworksBuildPhase section */

/* Begin PBXGroup section */
		BFB59BD12BAC46E200362324 = {
			isa = PBXGroup;
			children = (
				BF3760202C2C4A5E00A8CD6E /* Core1.mp4 */,
				BF3760172C2C4A5B00A8CD6E /* Core2.mp4 */,
				BF37601C2C2C4A5D00A8CD6E /* Core3.mp4 */,
				BF37601F2C2C4A5E00A8CD6E /* Fullbody1.mp4 */,
				BF37601B2C2C4A5D00A8CD6E /* Fullbody2.mp4 */,
				BF3760192C2C4A5C00A8CD6E /* Fullbody3.mp4 */,
				BF37601D2C2C4A5D00A8CD6E /* Lowerbody1.mp4 */,
				BF37601E2C2C4A5E00A8CD6E /* Lowerbody2.mp4 */,
				BF3760162C2C4A5B00A8CD6E /* Lowerbody3.mp4 */,
				BF37601A2C2C4A5D00A8CD6E /* Muscle1.mp4 */,
				BF3760182C2C4A5B00A8CD6E /* Muscle2.mp4 */,
				BF3760152C2C4A5A00A8CD6E /* Muscle3.mp4 */,
				BF3760062C2C4A4300A8CD6E /* Stamina1.mp4 */,
				BF3760042C2C4A4300A8CD6E /* Stamina2.mp4 */,
				BF37600A2C2C4A4400A8CD6E /* Stamina3.mp4 */,
				BF3760082C2C4A4400A8CD6E /* Upperbody1.mp4 */,
				BF3760072C2C4A4300A8CD6E /* Upperbody2.mp4 */,
				BF3760032C2C4A4300A8CD6E /* Upperbody3.mp4 */,
				BF3760052C2C4A4300A8CD6E /* Weighloss1.mp4 */,
				BF3760092C2C4A4400A8CD6E /* Weightloss2.mp4 */,
				BF37600B2C2C4A4400A8CD6E /* Weightloss3.mp4 */,
				BFB59BDC2BAC46E200362324 /* Fitmaxing */,
				BFB59BDB2BAC46E200362324 /* Products */,
			);
			sourceTree = "<group>";
		};
		BFB59BDB2BAC46E200362324 /* Products */ = {
			isa = PBXGroup;
			children = (
				BFB59BDA2BAC46E200362324 /* Fitmaxing.app */,
			);
			name = Products;
			sourceTree = "<group>";
		};
		BFB59BDC2BAC46E200362324 /* Fitmaxing */ = {
			isa = PBXGroup;
			children = (
				BFB59BDD2BAC46E200362324 /* FitmaxingApp.swift */,
				BFB59BDF2BAC46E200362324 /* ContentView.swift */,
				BFB59BE12BAC46E700362324 /* Assets.xcassets */,
				BFB59BE32BAC46E700362324 /* Preview Content */,
			);
			path = Fitmaxing;
			sourceTree = "<group>";
		};
		BFB59BE32BAC46E700362324 /* Preview Content */ = {
			isa = PBXGroup;
			children = (
				BFB59BE42BAC46E700362324 /* Preview Assets.xcassets */,
			);
			path = "Preview Content";
			sourceTree = "<group>";
		};
/* End PBXGroup section */

/* Begin PBXNativeTarget section */
		BFB59BD92BAC46E200362324 /* Fitmaxing */ = {
			isa = PBXNativeTarget;
			buildConfigurationList = BFB59BE82BAC46E700362324 /* Build configuration list for PBXNativeTarget "Fitmaxing" */;
			buildPhases = (
				BFB59BD62BAC46E200362324 /* Sources */,
				BFB59BD72BAC46E200362324 /* Frameworks */,
				BFB59BD82BAC46E200362324 /* Resources */,
			);
			buildRules = (
			);
			dependencies = (
			);
			name = Fitmaxing;
			productName = Fitmaxing;
			productReference = BFB59BDA2BAC46E200362324 /* Fitmaxing.app */;
			productType = "com.apple.product-type.application";
		};
/* End PBXNativeTarget section */

/* Begin PBXProject section */
		BFB59BD22BAC46E200362324 /* Project object */ = {
			isa = PBXProject;
			attributes = {
				BuildIndependentTargetsInParallel = 1;
				LastSwiftUpdateCheck = 1530;
				LastUpgradeCheck = 1530;
				TargetAttributes = {
					BFB59BD92BAC46E200362324 = {
						CreatedOnToolsVersion = 15.3;
					};
				};
			};
			buildConfigurationList = BFB59BD52BAC46E200362324 /* Build configuration list for PBXProject "Fitmaxing" */;
			compatibilityVersion = "Xcode 14.0";
			developmentRegion = en;
			hasScannedForEncodings = 0;
			knownRegions = (
				en,
				Base,
			);
			mainGroup = BFB59BD12BAC46E200362324;
			productRefGroup = BFB59BDB2BAC46E200362324 /* Products */;
			projectDirPath = "";
			projectRoot = "";
			targets = (
				BFB59BD92BAC46E200362324 /* Fitmaxing */,
			);
		};
/* End PBXProject section */

/* Begin PBXResourcesBuildPhase section */
		BFB59BD82BAC46E200362324 /* Resources */ = {
			isa = PBXResourcesBuildPhase;
			buildActionMask = 2147483647;
			files = (
				BF3760262C2C4A5F00A8CD6E /* Muscle1.mp4 in Resources */,
				BF3760252C2C4A5F00A8CD6E /* Fullbody3.mp4 in Resources */,
				BF3760112C2C4A4400A8CD6E /* Upperbody1.mp4 in Resources */,
				BFB59BE52BAC46E700362324 /* Preview Assets.xcassets in Resources */,
				BF3760212C2C4A5F00A8CD6E /* Muscle3.mp4 in Resources */,
				BFB59BE22BAC46E700362324 /* Assets.xcassets in Resources */,
				BF37600D2C2C4A4400A8CD6E /* Stamina2.mp4 in Resources */,
				BF3760272C2C4A5F00A8CD6E /* Fullbody2.mp4 in Resources */,
				BF37600F2C2C4A4400A8CD6E /* Stamina1.mp4 in Resources */,
				BF37602A2C2C4A5F00A8CD6E /* Lowerbody2.mp4 in Resources */,
				BF3760222C2C4A5F00A8CD6E /* Lowerbody3.mp4 in Resources */,
				BF3760102C2C4A4400A8CD6E /* Upperbody2.mp4 in Resources */,
				BF3760242C2C4A5F00A8CD6E /* Muscle2.mp4 in Resources */,
				BF3760142C2C4A4400A8CD6E /* Weightloss3.mp4 in Resources */,
				BF37602C2C2C4A5F00A8CD6E /* Core1.mp4 in Resources */,
				BF37600E2C2C4A4400A8CD6E /* Weighloss1.mp4 in Resources */,
				BF3760132C2C4A4400A8CD6E /* Stamina3.mp4 in Resources */,
				BF37602B2C2C4A5F00A8CD6E /* Fullbody1.mp4 in Resources */,
				BF3760232C2C4A5F00A8CD6E /* Core2.mp4 in Resources */,
				BF3760122C2C4A4400A8CD6E /* Weightloss2.mp4 in Resources */,
				BF3760292C2C4A5F00A8CD6E /* Lowerbody1.mp4 in Resources */,
				BF37600C2C2C4A4400A8CD6E /* Upperbody3.mp4 in Resources */,
				BF3760282C2C4A5F00A8CD6E /* Core3.mp4 in Resources */,
			);
			runOnlyForDeploymentPostprocessing = 0;
		};
/* End PBXResourcesBuildPhase section */

/* Begin PBXSourcesBuildPhase section */
		BFB59BD62BAC46E200362324 /* Sources */ = {
			isa = PBXSourcesBuildPhase;
			buildActionMask = 2147483647;
			files = (
				BFB59BE02BAC46E200362324 /* ContentView.swift in Sources */,
				BFB59BDE2BAC46E200362324 /* FitmaxingApp.swift in Sources */,
			);
			runOnlyForDeploymentPostprocessing = 0;
		};
/* End PBXSourcesBuildPhase section */

/* Begin XCBuildConfiguration section */
		BFB59BE62BAC46E700362324 /* Debug */ = {
			isa = XCBuildConfiguration;
			buildSettings = {
				ALWAYS_SEARCH_USER_PATHS = NO;
				ASSETCATALOG_COMPILER_GENERATE_SWIFT_ASSET_SYMBOL_EXTENSIONS = YES;
				CLANG_ANALYZER_NONNULL = YES;
				CLANG_ANALYZER_NUMBER_OBJECT_CONVERSION = YES_AGGRESSIVE;
				CLANG_CXX_LANGUAGE_STANDARD = "gnu++20";
				CLANG_ENABLE_MODULES = YES;
				CLANG_ENABLE_OBJC_ARC = YES;
				CLANG_ENABLE_OBJC_WEAK = YES;
				CLANG_WARN_BLOCK_CAPTURE_AUTORELEASING = YES;
				CLANG_WARN_BOOL_CONVERSION = YES;
				CLANG_WARN_COMMA = YES;
				CLANG_WARN_CONSTANT_CONVERSION = YES;
				CLANG_WARN_DEPRECATED_OBJC_IMPLEMENTATIONS = YES;
				CLANG_WARN_DIRECT_OBJC_ISA_USAGE = YES_ERROR;
				CLANG_WARN_DOCUMENTATION_COMMENTS = YES;
				CLANG_WARN_EMPTY_BODY = YES;
				CLANG_WARN_ENUM_CONVERSION = YES;
				CLANG_WARN_INFINITE_RECURSION = YES;
				CLANG_WARN_INT_CONVERSION = YES;
				CLANG_WARN_NON_LITERAL_NULL_CONVERSION = YES;
				CLANG_WARN_OBJC_IMPLICIT_RETAIN_SELF = YES;
				CLANG_WARN_OBJC_LITERAL_CONVERSION = YES;
				CLANG_WARN_OBJC_ROOT_CLASS = YES_ERROR;
				CLANG_WARN_QUOTED_INCLUDE_IN_FRAMEWORK_HEADER = YES;
				CLANG_WARN_RANGE_LOOP_ANALYSIS = YES;
				CLANG_WARN_STRICT_PROTOTYPES = YES;
				CLANG_WARN_SUSPICIOUS_MOVE = YES;
				CLANG_WARN_UNGUARDED_AVAILABILITY = YES_AGGRESSIVE;
				CLANG_WARN_UNREACHABLE_CODE = YES;
				CLANG_WARN__DUPLICATE_METHOD_MATCH = YES;
				COPY_PHASE_STRIP = NO;
				DEBUG_INFORMATION_FORMAT = dwarf;
				ENABLE_STRICT_OBJC_MSGSEND = YES;
				ENABLE_TESTABILITY = YES;
				ENABLE_USER_SCRIPT_SANDBOXING = YES;
				GCC_C_LANGUAGE_STANDARD = gnu17;
				GCC_DYNAMIC_NO_PIC = NO;
				GCC_NO_COMMON_BLOCKS = YES;
				GCC_OPTIMIZATION_LEVEL = 0;
				GCC_PREPROCESSOR_DEFINITIONS = (
					"DEBUG=1",
					"$(inherited)",
				);
				GCC_WARN_64_TO_32_BIT_CONVERSION = YES;
				GCC_WARN_ABOUT_RETURN_TYPE = YES_ERROR;
				GCC_WARN_UNDECLARED_SELECTOR = YES;
				GCC_WARN_UNINITIALIZED_AUTOS = YES_AGGRESSIVE;
				GCC_WARN_UNUSED_FUNCTION = YES;
				GCC_WARN_UNUSED_VARIABLE = YES;
				IPHONEOS_DEPLOYMENT_TARGET = 17.4;
				LOCALIZATION_PREFERS_STRING_CATALOGS = YES;
				MTL_ENABLE_DEBUG_INFO = INCLUDE_SOURCE;
				MTL_FAST_MATH = YES;
				ONLY_ACTIVE_ARCH = YES;
				SDKROOT = iphoneos;
				SWIFT_ACTIVE_COMPILATION_CONDITIONS = "DEBUG $(inherited)";
				SWIFT_OPTIMIZATION_LEVEL = "-Onone";
			};
			name = Debug;
		};
		BFB59BE72BAC46E700362324 /* Release */ = {
			isa = XCBuildConfiguration;
			buildSettings = {
				ALWAYS_SEARCH_USER_PATHS = NO;
				ASSETCATALOG_COMPILER_GENERATE_SWIFT_ASSET_SYMBOL_EXTENSIONS = YES;
				CLANG_ANALYZER_NONNULL = YES;
				CLANG_ANALYZER_NUMBER_OBJECT_CONVERSION = YES_AGGRESSIVE;
				CLANG_CXX_LANGUAGE_STANDARD = "gnu++20";
				CLANG_ENABLE_MODULES = YES;
				CLANG_ENABLE_OBJC_ARC = YES;
				CLANG_ENABLE_OBJC_WEAK = YES;
				CLANG_WARN_BLOCK_CAPTURE_AUTORELEASING = YES;
				CLANG_WARN_BOOL_CONVERSION = YES;
				CLANG_WARN_COMMA = YES;
				CLANG_WARN_CONSTANT_CONVERSION = YES;
				CLANG_WARN_DEPRECATED_OBJC_IMPLEMENTATIONS = YES;
				CLANG_WARN_DIRECT_OBJC_ISA_USAGE = YES_ERROR;
				CLANG_WARN_DOCUMENTATION_COMMENTS = YES;
				CLANG_WARN_EMPTY_BODY = YES;
				CLANG_WARN_ENUM_CONVERSION = YES;
				CLANG_WARN_INFINITE_RECURSION = YES;
				CLANG_WARN_INT_CONVERSION = YES;
				CLANG_WARN_NON_LITERAL_NULL_CONVERSION = YES;
				CLANG_WARN_OBJC_IMPLICIT_RETAIN_SELF = YES;
				CLANG_WARN_OBJC_LITERAL_CONVERSION = YES;
				CLANG_WARN_OBJC_ROOT_CLASS = YES_ERROR;
				CLANG_WARN_QUOTED_INCLUDE_IN_FRAMEWORK_HEADER = YES;
				CLANG_WARN_RANGE_LOOP_ANALYSIS = YES;
				CLANG_WARN_STRICT_PROTOTYPES = YES;
				CLANG_WARN_SUSPICIOUS_MOVE = YES;
				CLANG_WARN_UNGUARDED_AVAILABILITY = YES_AGGRESSIVE;
				CLANG_WARN_UNREACHABLE_CODE = YES;
				CLANG_WARN__DUPLICATE_METHOD_MATCH = YES;
				COPY_PHASE_STRIP = NO;
				DEBUG_INFORMATION_FORMAT = "dwarf-with-dsym";
				ENABLE_NS_ASSERTIONS = NO;
				ENABLE_STRICT_OBJC_MSGSEND = YES;
				ENABLE_USER_SCRIPT_SANDBOXING = YES;
				GCC_C_LANGUAGE_STANDARD = gnu17;
				GCC_NO_COMMON_BLOCKS = YES;
				GCC_WARN_64_TO_32_BIT_CONVERSION = YES;
				GCC_WARN_ABOUT_RETURN_TYPE = YES_ERROR;
				GCC_WARN_UNDECLARED_SELECTOR = YES;
				GCC_WARN_UNINITIALIZED_AUTOS = YES_AGGRESSIVE;
				GCC_WARN_UNUSED_FUNCTION = YES;
				GCC_WARN_UNUSED_VARIABLE = YES;
				IPHONEOS_DEPLOYMENT_TARGET = 17.4;
				LOCALIZATION_PREFERS_STRING_CATALOGS = YES;
				MTL_ENABLE_DEBUG_INFO = NO;
				MTL_FAST_MATH = YES;
				SDKROOT = iphoneos;
				SWIFT_COMPILATION_MODE = wholemodule;
				VALIDATE_PRODUCT = YES;
			};
			name = Release;
		};
		BFB59BE92BAC46E700362324 /* Debug */ = {
			isa = XCBuildConfiguration;
			buildSettings = {
				ASSETCATALOG_COMPILER_APPICON_NAME = AppIcon;
				ASSETCATALOG_COMPILER_GLOBAL_ACCENT_COLOR_NAME = AccentColor;
				CODE_SIGN_STYLE = Automatic;
				CURRENT_PROJECT_VERSION = 1;
				DEVELOPMENT_ASSET_PATHS = "\"Fitmaxing/Preview Content\"";
				ENABLE_PREVIEWS = YES;
				GENERATE_INFOPLIST_FILE = YES;
				INFOPLIST_KEY_UIApplicationSceneManifest_Generation = YES;
				INFOPLIST_KEY_UIApplicationSupportsIndirectInputEvents = YES;
				INFOPLIST_KEY_UILaunchScreen_Generation = YES;
				INFOPLIST_KEY_UISupportedInterfaceOrientations_iPad = "UIInterfaceOrientationPortrait UIInterfaceOrientationPortraitUpsideDown UIInterfaceOrientationLandscapeLeft UIInterfaceOrientationLandscapeRight";
				INFOPLIST_KEY_UISupportedInterfaceOrientations_iPhone = "UIInterfaceOrientationPortrait UIInterfaceOrientationLandscapeLeft UIInterfaceOrientationLandscapeRight";
				LD_RUNPATH_SEARCH_PATHS = (
					"$(inherited)",
					"@executable_path/Frameworks",
				);
				MARKETING_VERSION = 1.0;
				PRODUCT_BUNDLE_IDENTIFIER = com.bahaamatar.Fitmaxing;
				PRODUCT_NAME = "$(TARGET_NAME)";
				SWIFT_EMIT_LOC_STRINGS = YES;
				SWIFT_VERSION = 5.0;
				TARGETED_DEVICE_FAMILY = "1,2";
			};
			name = Debug;
		};
		BFB59BEA2BAC46E700362324 /* Release */ = {
			isa = XCBuildConfiguration;
			buildSettings = {
				ASSETCATALOG_COMPILER_APPICON_NAME = AppIcon;
				ASSETCATALOG_COMPILER_GLOBAL_ACCENT_COLOR_NAME = AccentColor;
				CODE_SIGN_STYLE = Automatic;
				CURRENT_PROJECT_VERSION = 1;
				DEVELOPMENT_ASSET_PATHS = "\"Fitmaxing/Preview Content\"";
				ENABLE_PREVIEWS = YES;
				GENERATE_INFOPLIST_FILE = YES;
				INFOPLIST_KEY_UIApplicationSceneManifest_Generation = YES;
				INFOPLIST_KEY_UIApplicationSupportsIndirectInputEvents = YES;
				INFOPLIST_KEY_UILaunchScreen_Generation = YES;
				INFOPLIST_KEY_UISupportedInterfaceOrientations_iPad = "UIInterfaceOrientationPortrait UIInterfaceOrientationPortraitUpsideDown UIInterfaceOrientationLandscapeLeft UIInterfaceOrientationLandscapeRight";
				INFOPLIST_KEY_UISupportedInterfaceOrientations_iPhone = "UIInterfaceOrientationPortrait UIInterfaceOrientationLandscapeLeft UIInterfaceOrientationLandscapeRight";
				LD_RUNPATH_SEARCH_PATHS = (
					"$(inherited)",
					"@executable_path/Frameworks",
				);
				MARKETING_VERSION = 1.0;
				PRODUCT_BUNDLE_IDENTIFIER = com.bahaamatar.Fitmaxing;
				PRODUCT_NAME = "$(TARGET_NAME)";
				SWIFT_EMIT_LOC_STRINGS = YES;
				SWIFT_VERSION = 5.0;
				TARGETED_DEVICE_FAMILY = "1,2";
			};
			name = Release;
		};
/* End XCBuildConfiguration section */

/* Begin XCConfigurationList section */
		BFB59BD52BAC46E200362324 /* Build configuration list for PBXProject "Fitmaxing" */ = {
			isa = XCConfigurationList;
			buildConfigurations = (
				BFB59BE62BAC46E700362324 /* Debug */,
				BFB59BE72BAC46E700362324 /* Release */,
			);
			defaultConfigurationIsVisible = 0;
			defaultConfigurationName = Release;
		};
		BFB59BE82BAC46E700362324 /* Build configuration list for PBXNativeTarget "Fitmaxing" */ = {
			isa = XCConfigurationList;
			buildConfigurations = (
				BFB59BE92BAC46E700362324 /* Debug */,
				BFB59BEA2BAC46E700362324 /* Release */,
			);
			defaultConfigurationIsVisible = 0;
			defaultConfigurationName = Release;
		};
/* End XCConfigurationList section */
	};
	rootObject = BFB59BD22BAC46E200362324 /* Project object */;
}
